
Microsoft Visual Studio Solution File, Format Version 12.00
# Visual Studio 2013
VisualStudioVersion = 12.0.21005.1
MinimumVisualStudioVersion = 10.0.40219.1
Project("{FAE04EC0-301F-11D3-BF4B-00C04F79EFBC}") = "Spreadsheet_NVelaBorja", "Spreadsheet_NVelaBorja\Spreadsheet_NVelaBorja.csproj", "{58F19B64-4F06-473B-9F26-AD9B076D67F9}"
EndProject
Project("{FAE04EC0-301F-11D3-BF4B-00C04F79EFBC}") = "SpreadsheetEngine", "SpreadsheetEngine\SpreadsheetEngine.csproj", "{8B9A3138-8EC3-4FE6-9EAA-BC037EFD1C09}"
EndProject
Project("{FAE04EC0-301F-11D3-BF4B-00C04F79EFBC}") = "ExpTreeConsole", "ExpTreeConsole\ExpTreeConsole.csproj", "{A2BE51F2-E4A0-4CFD-8514-D82074DA49D7}"
EndProject
Global
	GlobalSection(SolutionConfigurationPlatforms) = preSolution
		Debug|Any CPU = Debug|Any CPU
		Release|Any CPU = Release|Any CPU
	EndGlobalSection
	GlobalSection(ProjectConfigurationPlatforms) = postSolution
		{58F19B64-4F06-473B-9F26-AD9B076D67F9}.Debug|Any CPU.ActiveCfg = Debug|Any CPU
		{58F19B64-4F06-473B-9F26-AD9B076D67F9}.Debug|Any CPU.Build.0 = Debug|Any CPU
		{58F19B64-4F06-473B-9F26-AD9B076D67F9}.Release|Any CPU.ActiveCfg = Release|Any CPU
		{58F19B64-4F06-473B-9F26-AD9B076D67F9}.Release|Any CPU.Build.0 = Release|Any CPU
		{8B9A3138-8EC3-4FE6-9EAA-BC037EFD1C09}.Debug|Any CPU.ActiveCfg = Debug|Any CPU
		{8B9A3138-8EC3-4FE6-9EAA-BC037EFD1C09}.Debug|Any CPU.Build.0 = Debug|Any CPU
		{8B9A3138-8EC3-4FE6-9EAA-BC037EFD1C09}.Release|Any CPU.ActiveCfg = Release|Any CPU
		{8B9A3138-8EC3-4FE6-9EAA-BC037EFD1C09}.Release|Any CPU.Build.0 = Release|Any CPU
		{A2BE51F2-E4A0-4CFD-8514-D82074DA49D7}.Debug|Any CPU.ActiveCfg = Debug|Any CPU
		{A2BE51F2-E4A0-4CFD-8514-D82074DA49D7}.Debug|Any CPU.Build.0 = Debug|Any CPU
		{A2BE51F2-E4A0-4CFD-8514-D82074DA49D7}.Release|Any CPU.ActiveCfg = Release|Any CPU
		{A2BE51F2-E4A0-4CFD-8514-D82074DA49D7}.Release|Any CPU.Build.0 = Release|Any CPU
	EndGlobalSection
	GlobalSection(SolutionProperties) = preSolution
		HideSolutionNode = FALSE
	EndGlobalSection
EndGlobal
